
Microsoft Visual Studio Solution File, Format Version 12.00
# Visual Studio Version 16
VisualStudioVersion = 16.0.30804.86
MinimumVisualStudioVersion = 10.0.40219.1
Project("{FAE04EC0-301F-11D3-BF4B-00C04F79EFBC}") = "YFMSRF", "YFMSRF\YFMSRF.csproj", "{1D38B677-EA9E-4038-AEB5-3040D51775EC}"
EndProject
Global
	GlobalSection(SolutionConfigurationPlatforms) = preSolution
		Debug|Any CPU = Debug|Any CPU
		Release|Any CPU = Release|Any CPU
	EndGlobalSection
	GlobalSection(ProjectConfigurationPlatforms) = postSolution
		{1D38B677-EA9E-4038-AEB5-3040D51775EC}.Debug|Any CPU.ActiveCfg = Debug|Any CPU
		{1D38B677-EA9E-4038-AEB5-3040D51775EC}.Debug|Any CPU.Build.0 = Debug|Any CPU
		{1D38B677-EA9E-4038-AEB5-3040D51775EC}.Release|Any CPU.ActiveCfg = Release|Any CPU
		{1D38B677-EA9E-4038-AEB5-3040D51775EC}.Release|Any CPU.Build.0 = Release|Any CPU
	EndGlobalSection
	GlobalSection(SolutionProperties) = preSolution
		HideSolutionNode = FALSE
	EndGlobalSection
	GlobalSection(ExtensibilityGlobals) = postSolution
		SolutionGuid = {40EC473B-F82F-409E-9002-D3A9E35A10A7}
	EndGlobalSection
EndGlobal
